
Microsoft Visual Studio Solution File, Format Version 12.00
# Visual Studio Version 17
VisualStudioVersion = 17.2.32630.192
MinimumVisualStudioVersion = 10.0.40219.1
Project("{9A19103F-16F7-4668-BE54-9A1E7A4F7556}") = "FinalProject", "FinalProject.csproj", "{F66826E9-DBBE-45B1-8088-537437471792}"
EndProject
Project("{9A19103F-16F7-4668-BE54-9A1E7A4F7556}") = "DAL", "..\DAL\DAL.csproj", "{8A8D4F30-660B-417A-876B-F28854ACFFE3}"
EndProject
Project("{9A19103F-16F7-4668-BE54-9A1E7A4F7556}") = "MODELS", "..\MODELS\MODELS.csproj", "{6B1DCE5D-A54F-4CD1-AED4-F608072347A4}"
EndProject
Project("{FAE04EC0-301F-11D3-BF4B-00C04F79EFBC}") = "BL", "..\BL\BL.csproj", "{D1018DA2-B10D-45A0-9CE3-71A45A1AC6DB}"
EndProject
Global
	GlobalSection(SolutionConfigurationPlatforms) = preSolution
		Debug|Any CPU = Debug|Any CPU
		Release|Any CPU = Release|Any CPU
	EndGlobalSection
	GlobalSection(ProjectConfigurationPlatforms) = postSolution
		{F66826E9-DBBE-45B1-8088-537437471792}.Debug|Any CPU.ActiveCfg = Debug|Any CPU
		{F66826E9-DBBE-45B1-8088-537437471792}.Debug|Any CPU.Build.0 = Debug|Any CPU
		{F66826E9-DBBE-45B1-8088-537437471792}.Release|Any CPU.ActiveCfg = Release|Any CPU
		{F66826E9-DBBE-45B1-8088-537437471792}.Release|Any CPU.Build.0 = Release|Any CPU
		{8A8D4F30-660B-417A-876B-F28854ACFFE3}.Debug|Any CPU.ActiveCfg = Debug|Any CPU
		{8A8D4F30-660B-417A-876B-F28854ACFFE3}.Debug|Any CPU.Build.0 = Debug|Any CPU
		{8A8D4F30-660B-417A-876B-F28854ACFFE3}.Release|Any CPU.ActiveCfg = Release|Any CPU
		{8A8D4F30-660B-417A-876B-F28854ACFFE3}.Release|Any CPU.Build.0 = Release|Any CPU
		{6B1DCE5D-A54F-4CD1-AED4-F608072347A4}.Debug|Any CPU.ActiveCfg = Debug|Any CPU
		{6B1DCE5D-A54F-4CD1-AED4-F608072347A4}.Debug|Any CPU.Build.0 = Debug|Any CPU
		{6B1DCE5D-A54F-4CD1-AED4-F608072347A4}.Release|Any CPU.ActiveCfg = Release|Any CPU
		{6B1DCE5D-A54F-4CD1-AED4-F608072347A4}.Release|Any CPU.Build.0 = Release|Any CPU
		{D1018DA2-B10D-45A0-9CE3-71A45A1AC6DB}.Debug|Any CPU.ActiveCfg = Debug|Any CPU
		{D1018DA2-B10D-45A0-9CE3-71A45A1AC6DB}.Debug|Any CPU.Build.0 = Debug|Any CPU
		{D1018DA2-B10D-45A0-9CE3-71A45A1AC6DB}.Release|Any CPU.ActiveCfg = Release|Any CPU
		{D1018DA2-B10D-45A0-9CE3-71A45A1AC6DB}.Release|Any CPU.Build.0 = Release|Any CPU
	EndGlobalSection
	GlobalSection(SolutionProperties) = preSolution
		HideSolutionNode = FALSE
	EndGlobalSection
	GlobalSection(ExtensibilityGlobals) = postSolution
		SolutionGuid = {90822B9E-42EB-4323-90B3-F0870768E2CD}
	EndGlobalSection
EndGlobal
